
Microsoft Visual Studio Solution File, Format Version 12.00
# Visual Studio 15
VisualStudioVersion = 15.0.28010.0
MinimumVisualStudioVersion = 10.0.40219.1
Project("{2150E333-8FDC-42A3-9474-1A3956D46DE8}") = "1.作業系統知識回顧", "1.作業系統知識回顧", "{95388988-339F-4A73-9F4A-6928A0E3F082}"
EndProject
Project("{FAE04EC0-301F-11D3-BF4B-00C04F79EFBC}") = "001 只有一個主要執行緒", "只有一個主要執行緒\001 只有一個主要執行緒.csproj", "{46B5AD38-9A14-4669-B96C-A44E45397E8C}"
EndProject
Project("{FAE04EC0-301F-11D3-BF4B-00C04F79EFBC}") = "009 執行緒的同步處理內容WPF", "執行緒的同步處理內容WPF\009 執行緒的同步處理內容WPF.csproj", "{80E5BDE9-638B-4608-8776-C0DA577B2477}"
EndProject
Project("{FAE04EC0-301F-11D3-BF4B-00C04F79EFBC}") = "011 客製化同步內容運作機制", "客製化同步內容運作機制\011 客製化同步內容運作機制.csproj", "{3A744E7C-200B-4945-A1E9-AE7B6073469E}"
EndProject
Project("{FAE04EC0-301F-11D3-BF4B-00C04F79EFBC}") = "010 執行緒的同步處理內容ASPNET", "執行緒的同步處理內容ASPNET\010 執行緒的同步處理內容ASPNET.csproj", "{9BC19556-5AD6-4543-A20D-B417295A033D}"
EndProject
Project("{FAE04EC0-301F-11D3-BF4B-00C04F79EFBC}") = "012 HttpContext的各種非同步工作使用情境", "HttpContext的各種非同步工作使用情境\012 HttpContext的各種非同步工作使用情境.csproj", "{768C268D-A677-4241-A272-D9B3A31F5DAF}"
EndProject
Project("{FAE04EC0-301F-11D3-BF4B-00C04F79EFBC}") = "002 多執行緒", "多執行緒\002 多執行緒.csproj", "{746E6BEF-05EB-4625-9D01-1A826831D7D1}"
EndProject
Project("{FAE04EC0-301F-11D3-BF4B-00C04F79EFBC}") = "007 同步造成UI凍結", "同步造成UI凍結\007 同步造成UI凍結.csproj", "{7E0D340F-DCC6-48D7-88E6-8C3A32825F1F}"
EndProject
Project("{FAE04EC0-301F-11D3-BF4B-00C04F79EFBC}") = "006 多工之計算非同步", "多工之計算非同步\006 多工之計算非同步.csproj", "{D8B2EA76-2EF9-4449-ACC8-9322BD3597D2}"
EndProject
Project("{FAE04EC0-301F-11D3-BF4B-00C04F79EFBC}") = "003 執行緒競爭", "執行緒競爭\003 執行緒競爭.csproj", "{E6E86883-218C-446A-9537-3F8C99DC08B3}"
EndProject
Project("{FAE04EC0-301F-11D3-BF4B-00C04F79EFBC}") = "004 執行緒競爭解決方法", "執行緒競爭解決方法\004 執行緒競爭解決方法.csproj", "{BDBFC904-B11B-44BC-AF8D-E572FB6AF9D6}"
EndProject
Project("{FAE04EC0-301F-11D3-BF4B-00C04F79EFBC}") = "005 執行緒產生死結", "執行緒產生死結\005 執行緒產生死結.csproj", "{D63DE859-B79F-46B1-96E8-B35567B20B10}"
EndProject
Project("{2150E333-8FDC-42A3-9474-1A3956D46DE8}") = "2.執行緒", "2.執行緒", "{5540EFC7-9E73-474E-B524-F4FC40EDD32F}"
EndProject
Project("{FAE04EC0-301F-11D3-BF4B-00C04F79EFBC}") = "001 建立Thread使用ThreadStart", "建立Thread使用ThreadStart\001 建立Thread使用ThreadStart.csproj", "{F8FC4838-6441-4C4B-B3CD-A8C78E51109E}"
EndProject
Project("{FAE04EC0-301F-11D3-BF4B-00C04F79EFBC}") = "002 建立Thread使用Lambda", "建立Thread使用Lambda\002 建立Thread使用Lambda.csproj", "{29B5E1A4-9667-4EA5-BCA6-D8E87CAA2558}"
EndProject
Project("{FAE04EC0-301F-11D3-BF4B-00C04F79EFBC}") = "008 使用BackgroundWorker", "使用BackgroundWorker\008 使用BackgroundWorker.csproj", "{47CD65BF-1960-4CB9-AFA8-6CEE836BF7AB}"
EndProject
Project("{FAE04EC0-301F-11D3-BF4B-00C04F79EFBC}") = "022 封鎖並執行緒終止", "封鎖並執行緒終止\022 封鎖並執行緒終止.csproj", "{70FF4EB9-FEE4-4C79-A471-7B395E92653D}"
EndProject
Project("{FAE04EC0-301F-11D3-BF4B-00C04F79EFBC}") = "023 使用WaitHandle等候執行緒結束", "使用WaitHandle等候執行緒結束\023 使用WaitHandle等候執行緒結束.csproj", "{534B0F3C-DF44-491A-BDC2-74CE66C17B8E}"
EndProject
Project("{FAE04EC0-301F-11D3-BF4B-00C04F79EFBC}") = "024 執行緒完成後使用回報事件", "執行緒完成後使用回報事件\024 執行緒完成後使用回報事件.csproj", "{B6F452E8-5690-4CD0-AC4D-3A7A69298E3F}"
EndProject
Project("{FAE04EC0-301F-11D3-BF4B-00C04F79EFBC}") = "025 執行緒完成後使用委派方法通知", "執行緒完成後使用委派方法通知\025 執行緒完成後使用委派方法通知.csproj", "{916A3F60-AC82-4A83-8895-B12C7A4BCD87}"
EndProject
Project("{FAE04EC0-301F-11D3-BF4B-00C04F79EFBC}") = "003 背景執行緒", "背景執行緒\003 背景執行緒.csproj", "{05207992-186A-4044-B987-A3D5BD259F26}"
EndProject
Project("{FAE04EC0-301F-11D3-BF4B-00C04F79EFBC}") = "004 前景執行緒", "前景執行緒\004 前景執行緒.csproj", "{A13BAFB5-1CF7-4515-A009-51131569888B}"
EndProject
Global
	GlobalSection(SolutionConfigurationPlatforms) = preSolution
		Debug|Any CPU = Debug|Any CPU
		Release|Any CPU = Release|Any CPU
	EndGlobalSection
	GlobalSection(ProjectConfigurationPlatforms) = postSolution
		{46B5AD38-9A14-4669-B96C-A44E45397E8C}.Debug|Any CPU.ActiveCfg = Debug|Any CPU
		{46B5AD38-9A14-4669-B96C-A44E45397E8C}.Debug|Any CPU.Build.0 = Debug|Any CPU
		{46B5AD38-9A14-4669-B96C-A44E45397E8C}.Release|Any CPU.ActiveCfg = Release|Any CPU
		{46B5AD38-9A14-4669-B96C-A44E45397E8C}.Release|Any CPU.Build.0 = Release|Any CPU
		{80E5BDE9-638B-4608-8776-C0DA577B2477}.Debug|Any CPU.ActiveCfg = Debug|Any CPU
		{80E5BDE9-638B-4608-8776-C0DA577B2477}.Debug|Any CPU.Build.0 = Debug|Any CPU
		{80E5BDE9-638B-4608-8776-C0DA577B2477}.Release|Any CPU.ActiveCfg = Release|Any CPU
		{80E5BDE9-638B-4608-8776-C0DA577B2477}.Release|Any CPU.Build.0 = Release|Any CPU
		{3A744E7C-200B-4945-A1E9-AE7B6073469E}.Debug|Any CPU.ActiveCfg = Debug|Any CPU
		{3A744E7C-200B-4945-A1E9-AE7B6073469E}.Debug|Any CPU.Build.0 = Debug|Any CPU
		{3A744E7C-200B-4945-A1E9-AE7B6073469E}.Release|Any CPU.ActiveCfg = Release|Any CPU
		{3A744E7C-200B-4945-A1E9-AE7B6073469E}.Release|Any CPU.Build.0 = Release|Any CPU
		{9BC19556-5AD6-4543-A20D-B417295A033D}.Debug|Any CPU.ActiveCfg = Debug|Any CPU
		{9BC19556-5AD6-4543-A20D-B417295A033D}.Debug|Any CPU.Build.0 = Debug|Any CPU
		{9BC19556-5AD6-4543-A20D-B417295A033D}.Release|Any CPU.ActiveCfg = Release|Any CPU
		{9BC19556-5AD6-4543-A20D-B417295A033D}.Release|Any CPU.Build.0 = Release|Any CPU
		{768C268D-A677-4241-A272-D9B3A31F5DAF}.Debug|Any CPU.ActiveCfg = Debug|Any CPU
		{768C268D-A677-4241-A272-D9B3A31F5DAF}.Debug|Any CPU.Build.0 = Debug|Any CPU
		{768C268D-A677-4241-A272-D9B3A31F5DAF}.Release|Any CPU.ActiveCfg = Release|Any CPU
		{768C268D-A677-4241-A272-D9B3A31F5DAF}.Release|Any CPU.Build.0 = Release|Any CPU
		{746E6BEF-05EB-4625-9D01-1A826831D7D1}.Debug|Any CPU.ActiveCfg = Debug|Any CPU
		{746E6BEF-05EB-4625-9D01-1A826831D7D1}.Debug|Any CPU.Build.0 = Debug|Any CPU
		{746E6BEF-05EB-4625-9D01-1A826831D7D1}.Release|Any CPU.ActiveCfg = Release|Any CPU
		{746E6BEF-05EB-4625-9D01-1A826831D7D1}.Release|Any CPU.Build.0 = Release|Any CPU
		{7E0D340F-DCC6-48D7-88E6-8C3A32825F1F}.Debug|Any CPU.ActiveCfg = Debug|Any CPU
		{7E0D340F-DCC6-48D7-88E6-8C3A32825F1F}.Debug|Any CPU.Build.0 = Debug|Any CPU
		{7E0D340F-DCC6-48D7-88E6-8C3A32825F1F}.Release|Any CPU.ActiveCfg = Release|Any CPU
		{7E0D340F-DCC6-48D7-88E6-8C3A32825F1F}.Release|Any CPU.Build.0 = Release|Any CPU
		{D8B2EA76-2EF9-4449-ACC8-9322BD3597D2}.Debug|Any CPU.ActiveCfg = Debug|Any CPU
		{D8B2EA76-2EF9-4449-ACC8-9322BD3597D2}.Debug|Any CPU.Build.0 = Debug|Any CPU
		{D8B2EA76-2EF9-4449-ACC8-9322BD3597D2}.Release|Any CPU.ActiveCfg = Release|Any CPU
		{D8B2EA76-2EF9-4449-ACC8-9322BD3597D2}.Release|Any CPU.Build.0 = Release|Any CPU
		{E6E86883-218C-446A-9537-3F8C99DC08B3}.Debug|Any CPU.ActiveCfg = Debug|Any CPU
		{E6E86883-218C-446A-9537-3F8C99DC08B3}.Debug|Any CPU.Build.0 = Debug|Any CPU
		{E6E86883-218C-446A-9537-3F8C99DC08B3}.Release|Any CPU.ActiveCfg = Release|Any CPU
		{E6E86883-218C-446A-9537-3F8C99DC08B3}.Release|Any CPU.Build.0 = Release|Any CPU
		{BDBFC904-B11B-44BC-AF8D-E572FB6AF9D6}.Debug|Any CPU.ActiveCfg = Debug|Any CPU
		{BDBFC904-B11B-44BC-AF8D-E572FB6AF9D6}.Debug|Any CPU.Build.0 = Debug|Any CPU
		{BDBFC904-B11B-44BC-AF8D-E572FB6AF9D6}.Release|Any CPU.ActiveCfg = Release|Any CPU
		{BDBFC904-B11B-44BC-AF8D-E572FB6AF9D6}.Release|Any CPU.Build.0 = Release|Any CPU
		{D63DE859-B79F-46B1-96E8-B35567B20B10}.Debug|Any CPU.ActiveCfg = Debug|Any CPU
		{D63DE859-B79F-46B1-96E8-B35567B20B10}.Debug|Any CPU.Build.0 = Debug|Any CPU
		{D63DE859-B79F-46B1-96E8-B35567B20B10}.Release|Any CPU.ActiveCfg = Release|Any CPU
		{D63DE859-B79F-46B1-96E8-B35567B20B10}.Release|Any CPU.Build.0 = Release|Any CPU
		{F8FC4838-6441-4C4B-B3CD-A8C78E51109E}.Debug|Any CPU.ActiveCfg = Debug|Any CPU
		{F8FC4838-6441-4C4B-B3CD-A8C78E51109E}.Debug|Any CPU.Build.0 = Debug|Any CPU
		{F8FC4838-6441-4C4B-B3CD-A8C78E51109E}.Release|Any CPU.ActiveCfg = Release|Any CPU
		{F8FC4838-6441-4C4B-B3CD-A8C78E51109E}.Release|Any CPU.Build.0 = Release|Any CPU
		{29B5E1A4-9667-4EA5-BCA6-D8E87CAA2558}.Debug|Any CPU.ActiveCfg = Debug|Any CPU
		{29B5E1A4-9667-4EA5-BCA6-D8E87CAA2558}.Debug|Any CPU.Build.0 = Debug|Any CPU
		{29B5E1A4-9667-4EA5-BCA6-D8E87CAA2558}.Release|Any CPU.ActiveCfg = Release|Any CPU
		{29B5E1A4-9667-4EA5-BCA6-D8E87CAA2558}.Release|Any CPU.Build.0 = Release|Any CPU
		{47CD65BF-1960-4CB9-AFA8-6CEE836BF7AB}.Debug|Any CPU.ActiveCfg = Debug|Any CPU
		{47CD65BF-1960-4CB9-AFA8-6CEE836BF7AB}.Debug|Any CPU.Build.0 = Debug|Any CPU
		{47CD65BF-1960-4CB9-AFA8-6CEE836BF7AB}.Release|Any CPU.ActiveCfg = Release|Any CPU
		{47CD65BF-1960-4CB9-AFA8-6CEE836BF7AB}.Release|Any CPU.Build.0 = Release|Any CPU
		{70FF4EB9-FEE4-4C79-A471-7B395E92653D}.Debug|Any CPU.ActiveCfg = Debug|Any CPU
		{70FF4EB9-FEE4-4C79-A471-7B395E92653D}.Debug|Any CPU.Build.0 = Debug|Any CPU
		{70FF4EB9-FEE4-4C79-A471-7B395E92653D}.Release|Any CPU.ActiveCfg = Release|Any CPU
		{70FF4EB9-FEE4-4C79-A471-7B395E92653D}.Release|Any CPU.Build.0 = Release|Any CPU
		{534B0F3C-DF44-491A-BDC2-74CE66C17B8E}.Debug|Any CPU.ActiveCfg = Debug|Any CPU
		{534B0F3C-DF44-491A-BDC2-74CE66C17B8E}.Debug|Any CPU.Build.0 = Debug|Any CPU
		{534B0F3C-DF44-491A-BDC2-74CE66C17B8E}.Release|Any CPU.ActiveCfg = Release|Any CPU
		{534B0F3C-DF44-491A-BDC2-74CE66C17B8E}.Release|Any CPU.Build.0 = Release|Any CPU
		{B6F452E8-5690-4CD0-AC4D-3A7A69298E3F}.Debug|Any CPU.ActiveCfg = Debug|Any CPU
		{B6F452E8-5690-4CD0-AC4D-3A7A69298E3F}.Debug|Any CPU.Build.0 = Debug|Any CPU
		{B6F452E8-5690-4CD0-AC4D-3A7A69298E3F}.Release|Any CPU.ActiveCfg = Release|Any CPU
		{B6F452E8-5690-4CD0-AC4D-3A7A69298E3F}.Release|Any CPU.Build.0 = Release|Any CPU
		{916A3F60-AC82-4A83-8895-B12C7A4BCD87}.Debug|Any CPU.ActiveCfg = Debug|Any CPU
		{916A3F60-AC82-4A83-8895-B12C7A4BCD87}.Debug|Any CPU.Build.0 = Debug|Any CPU
		{916A3F60-AC82-4A83-8895-B12C7A4BCD87}.Release|Any CPU.ActiveCfg = Release|Any CPU
		{916A3F60-AC82-4A83-8895-B12C7A4BCD87}.Release|Any CPU.Build.0 = Release|Any CPU
		{05207992-186A-4044-B987-A3D5BD259F26}.Debug|Any CPU.ActiveCfg = Debug|Any CPU
		{05207992-186A-4044-B987-A3D5BD259F26}.Debug|Any CPU.Build.0 = Debug|Any CPU
		{05207992-186A-4044-B987-A3D5BD259F26}.Release|Any CPU.ActiveCfg = Release|Any CPU
		{05207992-186A-4044-B987-A3D5BD259F26}.Release|Any CPU.Build.0 = Release|Any CPU
		{A13BAFB5-1CF7-4515-A009-51131569888B}.Debug|Any CPU.ActiveCfg = Debug|Any CPU
		{A13BAFB5-1CF7-4515-A009-51131569888B}.Debug|Any CPU.Build.0 = Debug|Any CPU
		{A13BAFB5-1CF7-4515-A009-51131569888B}.Release|Any CPU.ActiveCfg = Release|Any CPU
		{A13BAFB5-1CF7-4515-A009-51131569888B}.Release|Any CPU.Build.0 = Release|Any CPU
	EndGlobalSection
	GlobalSection(SolutionProperties) = preSolution
		HideSolutionNode = FALSE
	EndGlobalSection
	GlobalSection(NestedProjects) = preSolution
		{46B5AD38-9A14-4669-B96C-A44E45397E8C} = {95388988-339F-4A73-9F4A-6928A0E3F082}
		{80E5BDE9-638B-4608-8776-C0DA577B2477} = {95388988-339F-4A73-9F4A-6928A0E3F082}
		{3A744E7C-200B-4945-A1E9-AE7B6073469E} = {95388988-339F-4A73-9F4A-6928A0E3F082}
		{9BC19556-5AD6-4543-A20D-B417295A033D} = {95388988-339F-4A73-9F4A-6928A0E3F082}
		{768C268D-A677-4241-A272-D9B3A31F5DAF} = {95388988-339F-4A73-9F4A-6928A0E3F082}
		{746E6BEF-05EB-4625-9D01-1A826831D7D1} = {95388988-339F-4A73-9F4A-6928A0E3F082}
		{7E0D340F-DCC6-48D7-88E6-8C3A32825F1F} = {95388988-339F-4A73-9F4A-6928A0E3F082}
		{D8B2EA76-2EF9-4449-ACC8-9322BD3597D2} = {95388988-339F-4A73-9F4A-6928A0E3F082}
		{E6E86883-218C-446A-9537-3F8C99DC08B3} = {95388988-339F-4A73-9F4A-6928A0E3F082}
		{BDBFC904-B11B-44BC-AF8D-E572FB6AF9D6} = {95388988-339F-4A73-9F4A-6928A0E3F082}
		{D63DE859-B79F-46B1-96E8-B35567B20B10} = {95388988-339F-4A73-9F4A-6928A0E3F082}
		{F8FC4838-6441-4C4B-B3CD-A8C78E51109E} = {5540EFC7-9E73-474E-B524-F4FC40EDD32F}
		{29B5E1A4-9667-4EA5-BCA6-D8E87CAA2558} = {5540EFC7-9E73-474E-B524-F4FC40EDD32F}
		{47CD65BF-1960-4CB9-AFA8-6CEE836BF7AB} = {5540EFC7-9E73-474E-B524-F4FC40EDD32F}
		{70FF4EB9-FEE4-4C79-A471-7B395E92653D} = {5540EFC7-9E73-474E-B524-F4FC40EDD32F}
		{534B0F3C-DF44-491A-BDC2-74CE66C17B8E} = {5540EFC7-9E73-474E-B524-F4FC40EDD32F}
		{B6F452E8-5690-4CD0-AC4D-3A7A69298E3F} = {5540EFC7-9E73-474E-B524-F4FC40EDD32F}
		{916A3F60-AC82-4A83-8895-B12C7A4BCD87} = {5540EFC7-9E73-474E-B524-F4FC40EDD32F}
		{05207992-186A-4044-B987-A3D5BD259F26} = {5540EFC7-9E73-474E-B524-F4FC40EDD32F}
		{A13BAFB5-1CF7-4515-A009-51131569888B} = {5540EFC7-9E73-474E-B524-F4FC40EDD32F}
	EndGlobalSection
	GlobalSection(ExtensibilityGlobals) = postSolution
		SolutionGuid = {4ACF7205-C15D-4834-B913-E5DE979365BE}
	EndGlobalSection
EndGlobal
